{
  "nodes": {
    "darwin": {
      "inputs": {
        "nixpkgs": [
          "nixpkgs"
        ]
      },
      "locked": {
        "lastModified": 1737421067,
        "narHash": "sha256-/hgw8fDKDpko0XqOw1e9tX8lS2Hqecg7W/JsONun6Qc=",
        "owner": "lnl7",
        "repo": "nix-darwin",
        "rev": "cae8d1c4a3bd37be5887203fe3b0c3a860c53a07",
        "type": "github"
      },
      "original": {
        "owner": "lnl7",
        "ref": "nix-darwin-24.11",
        "repo": "nix-darwin",
        "type": "github"
      }
    },
    "nixpkgs": {
      "locked": {
        "lastModified": 1737958377,
        "narHash": "sha256-AFirXjuOH227NzuDeVn+gLsTkSGjo0Ve2oPR1JA8fjU=",
        "owner": "nixos",
        "repo": "nixpkgs",
        "rev": "e7d1ad8950c9c4d3f17626b5a44965b26ca1a44a",
        "type": "github"
      },
      "original": {
        "owner": "nixos",
        "ref": "nixpkgs-24.11-darwin",
        "repo": "nixpkgs",
        "type": "github"
      }
    },
    "nixpkgs-unstable": {
      "locked": {
        "lastModified": 1737942377,
        "narHash": "sha256-8Eo/jRAgT3CbAloyqOj6uPN1EqBvLI/Tv2g+RxHjkhU=",
        "owner": "nixos",
        "repo": "nixpkgs",
        "rev": "88a55dffa4d44d294c74c298daf75824dc0aafb5",
        "type": "github"
      },
      "original": {
        "owner": "nixos",
        "ref": "nixpkgs-unstable",
        "repo": "nixpkgs",
        "type": "github"
      }
    },
    "root": {
      "inputs": {
        "darwin": "darwin",
        "nixpkgs": "nixpkgs",
        "nixpkgs-unstable": "nixpkgs-unstable"
      }
    }
  },
  "root": "root",
  "version": 7
}
